// !$*UTF8*$!
{
	archiveVersion = 1;
	classes = {
	};
	objectVersion = 50;
	objects = {

/* Begin PBXBuildFile section */
		21CF860D22E2A7B600A2A9E7 /* Bluetooth.swift in Sources */ = {isa = PBXBuildFile; fileRef = 21CF860C22E2A7B600A2A9E7 /* Bluetooth.swift */; };
		21CF861722E2C48700A2A9E7 /* AlertDelegate.swift in Sources */ = {isa = PBXBuildFile; fileRef = 21CF861622E2C48700A2A9E7 /* AlertDelegate.swift */; };
		21CF861922E2CB4600A2A9E7 /* Constants.swift in Sources */ = {isa = PBXBuildFile; fileRef = 21CF861822E2CB4600A2A9E7 /* Constants.swift */; };
		21CF861B22E327FB00A2A9E7 /* LoadingIndicatorDelegate.swift in Sources */ = {isa = PBXBuildFile; fileRef = 21CF861A22E327FB00A2A9E7 /* LoadingIndicatorDelegate.swift */; };
		21CF862222E3326000A2A9E7 /* ConnectedDevicesViewController.swift in Sources */ = {isa = PBXBuildFile; fileRef = 21CF862122E3326000A2A9E7 /* ConnectedDevicesViewController.swift */; };
		21DB856A22E202CF007EAFBD /* AppDelegate.swift in Sources */ = {isa = PBXBuildFile; fileRef = 21DB856922E202CF007EAFBD /* AppDelegate.swift */; };
		21DB856C22E202CF007EAFBD /* WiFiSetUpViewController.swift in Sources */ = {isa = PBXBuildFile; fileRef = 21DB856B22E202CF007EAFBD /* WiFiSetUpViewController.swift */; };
		21DB856F22E202CF007EAFBD /* Main.storyboard in Resources */ = {isa = PBXBuildFile; fileRef = 21DB856D22E202CF007EAFBD /* Main.storyboard */; };
		21DB857122E202D0007EAFBD /* Assets.xcassets in Resources */ = {isa = PBXBuildFile; fileRef = 21DB857022E202D0007EAFBD /* Assets.xcassets */; };
		21DB857422E202D0007EAFBD /* LaunchScreen.storyboard in Resources */ = {isa = PBXBuildFile; fileRef = 21DB857222E202D0007EAFBD /* LaunchScreen.storyboard */; };
		21DB857F22E202D0007EAFBD /* konnectTests.swift in Sources */ = {isa = PBXBuildFile; fileRef = 21DB857E22E202D0007EAFBD /* konnectTests.swift */; };
		21DB858A22E202D0007EAFBD /* konnectUITests.swift in Sources */ = {isa = PBXBuildFile; fileRef = 21DB858922E202D0007EAFBD /* konnectUITests.swift */; };
		21E4C4C222F51FFE00334B18 /* ConnectNetworkViewController.swift in Sources */ = {isa = PBXBuildFile; fileRef = 21E4C4C122F51FFE00334B18 /* ConnectNetworkViewController.swift */; };
		21E4C4C422F5202300334B18 /* WiFiConnectionSuccessViewController.swift in Sources */ = {isa = PBXBuildFile; fileRef = 21E4C4C322F5202300334B18 /* WiFiConnectionSuccessViewController.swift */; };
		21E4C4C622F5203400334B18 /* NetworkSetUpViewController.swift in Sources */ = {isa = PBXBuildFile; fileRef = 21E4C4C522F5203400334B18 /* NetworkSetUpViewController.swift */; };
		21E4C4CA22F520AD00334B18 /* AvailableNetworksTableViewController.swift in Sources */ = {isa = PBXBuildFile; fileRef = 21E4C4C922F520AD00334B18 /* AvailableNetworksTableViewController.swift */; };
/* End PBXBuildFile section */

/* Begin PBXContainerItemProxy section */
		21DB857B22E202D0007EAFBD /* PBXContainerItemProxy */ = {
			isa = PBXContainerItemProxy;
			containerPortal = 21DB855E22E202CF007EAFBD /* Project object */;
			proxyType = 1;
			remoteGlobalIDString = 21DB856522E202CF007EAFBD;
			remoteInfo = konnect;
		};
		21DB858622E202D0007EAFBD /* PBXContainerItemProxy */ = {
			isa = PBXContainerItemProxy;
			containerPortal = 21DB855E22E202CF007EAFBD /* Project object */;
			proxyType = 1;
			remoteGlobalIDString = 21DB856522E202CF007EAFBD;
			remoteInfo = konnect;
		};
/* End PBXContainerItemProxy section */

/* Begin PBXFileReference section */
		21CF860C22E2A7B600A2A9E7 /* Bluetooth.swift */ = {isa = PBXFileReference; lastKnownFileType = sourcecode.swift; path = Bluetooth.swift; sourceTree = "<group>"; };
		21CF861622E2C48700A2A9E7 /* AlertDelegate.swift */ = {isa = PBXFileReference; lastKnownFileType = sourcecode.swift; path = AlertDelegate.swift; sourceTree = "<group>"; };
		21CF861822E2CB4600A2A9E7 /* Constants.swift */ = {isa = PBXFileReference; lastKnownFileType = sourcecode.swift; path = Constants.swift; sourceTree = "<group>"; };
		21CF861A22E327FB00A2A9E7 /* LoadingIndicatorDelegate.swift */ = {isa = PBXFileReference; lastKnownFileType = sourcecode.swift; path = LoadingIndicatorDelegate.swift; sourceTree = "<group>"; };
		21CF862122E3326000A2A9E7 /* ConnectedDevicesViewController.swift */ = {isa = PBXFileReference; lastKnownFileType = sourcecode.swift; path = ConnectedDevicesViewController.swift; sourceTree = "<group>"; };
		21DB856622E202CF007EAFBD /* konnect.app */ = {isa = PBXFileReference; explicitFileType = wrapper.application; includeInIndex = 0; path = konnect.app; sourceTree = BUILT_PRODUCTS_DIR; };
		21DB856922E202CF007EAFBD /* AppDelegate.swift */ = {isa = PBXFileReference; lastKnownFileType = sourcecode.swift; path = AppDelegate.swift; sourceTree = "<group>"; };
		21DB856B22E202CF007EAFBD /* WiFiSetUpViewController.swift */ = {isa = PBXFileReference; lastKnownFileType = sourcecode.swift; path = WiFiSetUpViewController.swift; sourceTree = "<group>"; };
		21DB856E22E202CF007EAFBD /* Base */ = {isa = PBXFileReference; lastKnownFileType = file.storyboard; name = Base; path = Base.lproj/Main.storyboard; sourceTree = "<group>"; };
		21DB857022E202D0007EAFBD /* Assets.xcassets */ = {isa = PBXFileReference; lastKnownFileType = folder.assetcatalog; path = Assets.xcassets; sourceTree = "<group>"; };
		21DB857322E202D0007EAFBD /* Base */ = {isa = PBXFileReference; lastKnownFileType = file.storyboard; name = Base; path = Base.lproj/LaunchScreen.storyboard; sourceTree = "<group>"; };
		21DB857522E202D0007EAFBD /* Info.plist */ = {isa = PBXFileReference; lastKnownFileType = text.plist.xml; path = Info.plist; sourceTree = "<group>"; };
		21DB857A22E202D0007EAFBD /* konnectTests.xctest */ = {isa = PBXFileReference; explicitFileType = wrapper.cfbundle; includeInIndex = 0; path = konnectTests.xctest; sourceTree = BUILT_PRODUCTS_DIR; };
		21DB857E22E202D0007EAFBD /* konnectTests.swift */ = {isa = PBXFileReference; lastKnownFileType = sourcecode.swift; path = konnectTests.swift; sourceTree = "<group>"; };
		21DB858022E202D0007EAFBD /* Info.plist */ = {isa = PBXFileReference; lastKnownFileType = text.plist.xml; path = Info.plist; sourceTree = "<group>"; };
		21DB858522E202D0007EAFBD /* konnectUITests.xctest */ = {isa = PBXFileReference; explicitFileType = wrapper.cfbundle; includeInIndex = 0; path = konnectUITests.xctest; sourceTree = BUILT_PRODUCTS_DIR; };
		21DB858922E202D0007EAFBD /* konnectUITests.swift */ = {isa = PBXFileReference; lastKnownFileType = sourcecode.swift; path = konnectUITests.swift; sourceTree = "<group>"; };
		21DB858B22E202D1007EAFBD /* Info.plist */ = {isa = PBXFileReference; lastKnownFileType = text.plist.xml; path = Info.plist; sourceTree = "<group>"; };
		21E4C4C122F51FFE00334B18 /* ConnectNetworkViewController.swift */ = {isa = PBXFileReference; lastKnownFileType = sourcecode.swift; path = ConnectNetworkViewController.swift; sourceTree = "<group>"; };
		21E4C4C322F5202300334B18 /* WiFiConnectionSuccessViewController.swift */ = {isa = PBXFileReference; lastKnownFileType = sourcecode.swift; path = WiFiConnectionSuccessViewController.swift; sourceTree = "<group>"; };
		21E4C4C522F5203400334B18 /* NetworkSetUpViewController.swift */ = {isa = PBXFileReference; lastKnownFileType = sourcecode.swift; path = NetworkSetUpViewController.swift; sourceTree = "<group>"; };
		21E4C4C922F520AD00334B18 /* AvailableNetworksTableViewController.swift */ = {isa = PBXFileReference; fileEncoding = 4; lastKnownFileType = sourcecode.swift; path = AvailableNetworksTableViewController.swift; sourceTree = "<group>"; };
/* End PBXFileReference section */

/* Begin PBXFrameworksBuildPhase section */
		21DB856322E202CF007EAFBD /* Frameworks */ = {
			isa = PBXFrameworksBuildPhase;
			buildActionMask = 2147483647;
			files = (
			);
			runOnlyForDeploymentPostprocessing = 0;
		};
		21DB857722E202D0007EAFBD /* Frameworks */ = {
			isa = PBXFrameworksBuildPhase;
			buildActionMask = 2147483647;
			files = (
			);
			runOnlyForDeploymentPostprocessing = 0;
		};
		21DB858222E202D0007EAFBD /* Frameworks */ = {
			isa = PBXFrameworksBuildPhase;
			buildActionMask = 2147483647;
			files = (
			);
			runOnlyForDeploymentPostprocessing = 0;
		};
/* End PBXFrameworksBuildPhase section */

/* Begin PBXGroup section */
		21CF860A22E2A76100A2A9E7 /* Bluetooth */ = {
			isa = PBXGroup;
			children = (
				21CF860C22E2A7B600A2A9E7 /* Bluetooth.swift */,
			);
			path = Bluetooth;
			sourceTree = "<group>";
		};
		21CF861522E2C47400A2A9E7 /* Utility */ = {
			isa = PBXGroup;
			children = (
				21CF861822E2CB4600A2A9E7 /* Constants.swift */,
				21CF861622E2C48700A2A9E7 /* AlertDelegate.swift */,
				21CF861A22E327FB00A2A9E7 /* LoadingIndicatorDelegate.swift */,
			);
			path = Utility;
			sourceTree = "<group>";
		};
		21CF861C22E3291F00A2A9E7 /* ViewControllers */ = {
			isa = PBXGroup;
			children = (
				21CF862122E3326000A2A9E7 /* ConnectedDevicesViewController.swift */,
				21E4C4C122F51FFE00334B18 /* ConnectNetworkViewController.swift */,
				21E4C4C322F5202300334B18 /* WiFiConnectionSuccessViewController.swift */,
				21E4C4C922F520AD00334B18 /* AvailableNetworksTableViewController.swift */,
				21DB856B22E202CF007EAFBD /* WiFiSetUpViewController.swift */,
				21E4C4C522F5203400334B18 /* NetworkSetUpViewController.swift */,
			);
			path = ViewControllers;
			sourceTree = "<group>";
		};
		21DB855D22E202CF007EAFBD = {
			isa = PBXGroup;
			children = (
				21DB856822E202CF007EAFBD /* konnect */,
				21DB857D22E202D0007EAFBD /* konnectTests */,
				21DB858822E202D0007EAFBD /* konnectUITests */,
				21DB856722E202CF007EAFBD /* Products */,
			);
			sourceTree = "<group>";
		};
		21DB856722E202CF007EAFBD /* Products */ = {
			isa = PBXGroup;
			children = (
				21DB856622E202CF007EAFBD /* konnect.app */,
				21DB857A22E202D0007EAFBD /* konnectTests.xctest */,
				21DB858522E202D0007EAFBD /* konnectUITests.xctest */,
			);
			name = Products;
			sourceTree = "<group>";
		};
		21DB856822E202CF007EAFBD /* konnect */ = {
			isa = PBXGroup;
			children = (
				21CF861C22E3291F00A2A9E7 /* ViewControllers */,
				21CF861522E2C47400A2A9E7 /* Utility */,
				21CF860A22E2A76100A2A9E7 /* Bluetooth */,
				21DB856922E202CF007EAFBD /* AppDelegate.swift */,
				21DB856D22E202CF007EAFBD /* Main.storyboard */,
				21DB857022E202D0007EAFBD /* Assets.xcassets */,
				21DB857222E202D0007EAFBD /* LaunchScreen.storyboard */,
				21DB857522E202D0007EAFBD /* Info.plist */,
			);
			path = konnect;
			sourceTree = "<group>";
		};
		21DB857D22E202D0007EAFBD /* konnectTests */ = {
			isa = PBXGroup;
			children = (
				21DB857E22E202D0007EAFBD /* konnectTests.swift */,
				21DB858022E202D0007EAFBD /* Info.plist */,
			);
			path = konnectTests;
			sourceTree = "<group>";
		};
		21DB858822E202D0007EAFBD /* konnectUITests */ = {
			isa = PBXGroup;
			children = (
				21DB858922E202D0007EAFBD /* konnectUITests.swift */,
				21DB858B22E202D1007EAFBD /* Info.plist */,
			);
			path = konnectUITests;
			sourceTree = "<group>";
		};
/* End PBXGroup section */

/* Begin PBXNativeTarget section */
		21DB856522E202CF007EAFBD /* konnect */ = {
			isa = PBXNativeTarget;
			buildConfigurationList = 21DB858E22E202D1007EAFBD /* Build configuration list for PBXNativeTarget "konnect" */;
			buildPhases = (
				21DB856222E202CF007EAFBD /* Sources */,
				21DB856322E202CF007EAFBD /* Frameworks */,
				21DB856422E202CF007EAFBD /* Resources */,
			);
			buildRules = (
			);
			dependencies = (
			);
			name = konnect;
			productName = konnect;
			productReference = 21DB856622E202CF007EAFBD /* konnect.app */;
			productType = "com.apple.product-type.application";
		};
		21DB857922E202D0007EAFBD /* konnectTests */ = {
			isa = PBXNativeTarget;
			buildConfigurationList = 21DB859122E202D1007EAFBD /* Build configuration list for PBXNativeTarget "konnectTests" */;
			buildPhases = (
				21DB857622E202D0007EAFBD /* Sources */,
				21DB857722E202D0007EAFBD /* Frameworks */,
				21DB857822E202D0007EAFBD /* Resources */,
			);
			buildRules = (
			);
			dependencies = (
				21DB857C22E202D0007EAFBD /* PBXTargetDependency */,
			);
			name = konnectTests;
			productName = konnectTests;
			productReference = 21DB857A22E202D0007EAFBD /* konnectTests.xctest */;
			productType = "com.apple.product-type.bundle.unit-test";
		};
		21DB858422E202D0007EAFBD /* konnectUITests */ = {
			isa = PBXNativeTarget;
			buildConfigurationList = 21DB859422E202D1007EAFBD /* Build configuration list for PBXNativeTarget "konnectUITests" */;
			buildPhases = (
				21DB858122E202D0007EAFBD /* Sources */,
				21DB858222E202D0007EAFBD /* Frameworks */,
				21DB858322E202D0007EAFBD /* Resources */,
			);
			buildRules = (
			);
			dependencies = (
				21DB858722E202D0007EAFBD /* PBXTargetDependency */,
			);
			name = konnectUITests;
			productName = konnectUITests;
			productReference = 21DB858522E202D0007EAFBD /* konnectUITests.xctest */;
			productType = "com.apple.product-type.bundle.ui-testing";
		};
/* End PBXNativeTarget section */

/* Begin PBXProject section */
		21DB855E22E202CF007EAFBD /* Project object */ = {
			isa = PBXProject;
			attributes = {
				LastSwiftUpdateCheck = 1020;
				LastUpgradeCheck = 1020;
				ORGANIZATIONNAME = andersenev;
				TargetAttributes = {
					21DB856522E202CF007EAFBD = {
						CreatedOnToolsVersion = 10.2.1;
					};
					21DB857922E202D0007EAFBD = {
						CreatedOnToolsVersion = 10.2.1;
						TestTargetID = 21DB856522E202CF007EAFBD;
					};
					21DB858422E202D0007EAFBD = {
						CreatedOnToolsVersion = 10.2.1;
						TestTargetID = 21DB856522E202CF007EAFBD;
					};
				};
			};
			buildConfigurationList = 21DB856122E202CF007EAFBD /* Build configuration list for PBXProject "konnect" */;
			compatibilityVersion = "Xcode 9.3";
			developmentRegion = en;
			hasScannedForEncodings = 0;
			knownRegions = (
				en,
				Base,
			);
			mainGroup = 21DB855D22E202CF007EAFBD;
			productRefGroup = 21DB856722E202CF007EAFBD /* Products */;
			projectDirPath = "";
			projectRoot = "";
			targets = (
				21DB856522E202CF007EAFBD /* konnect */,
				21DB857922E202D0007EAFBD /* konnectTests */,
				21DB858422E202D0007EAFBD /* konnectUITests */,
			);
		};
/* End PBXProject section */

/* Begin PBXResourcesBuildPhase section */
		21DB856422E202CF007EAFBD /* Resources */ = {
			isa = PBXResourcesBuildPhase;
			buildActionMask = 2147483647;
			files = (
				21DB857422E202D0007EAFBD /* LaunchScreen.storyboard in Resources */,
				21DB857122E202D0007EAFBD /* Assets.xcassets in Resources */,
				21DB856F22E202CF007EAFBD /* Main.storyboard in Resources */,
			);
			runOnlyForDeploymentPostprocessing = 0;
		};
		21DB857822E202D0007EAFBD /* Resources */ = {
			isa = PBXResourcesBuildPhase;
			buildActionMask = 2147483647;
			files = (
			);
			runOnlyForDeploymentPostprocessing = 0;
		};
		21DB858322E202D0007EAFBD /* Resources */ = {
			isa = PBXResourcesBuildPhase;
			buildActionMask = 2147483647;
			files = (
			);
			runOnlyForDeploymentPostprocessing = 0;
		};
/* End PBXResourcesBuildPhase section */

/* Begin PBXSourcesBuildPhase section */
		21DB856222E202CF007EAFBD /* Sources */ = {
			isa = PBXSourcesBuildPhase;
			buildActionMask = 2147483647;
			files = (
				21CF861922E2CB4600A2A9E7 /* Constants.swift in Sources */,
				21CF861B22E327FB00A2A9E7 /* LoadingIndicatorDelegate.swift in Sources */,
				21DB856C22E202CF007EAFBD /* WiFiSetUpViewController.swift in Sources */,
				21E4C4C222F51FFE00334B18 /* ConnectNetworkViewController.swift in Sources */,
				21CF862222E3326000A2A9E7 /* ConnectedDevicesViewController.swift in Sources */,
				21CF860D22E2A7B600A2A9E7 /* Bluetooth.swift in Sources */,
				21E4C4CA22F520AD00334B18 /* AvailableNetworksTableViewController.swift in Sources */,
				21E4C4C422F5202300334B18 /* WiFiConnectionSuccessViewController.swift in Sources */,
				21CF861722E2C48700A2A9E7 /* AlertDelegate.swift in Sources */,
				21DB856A22E202CF007EAFBD /* AppDelegate.swift in Sources */,
				21E4C4C622F5203400334B18 /* NetworkSetUpViewController.swift in Sources */,
			);
			runOnlyForDeploymentPostprocessing = 0;
		};
		21DB857622E202D0007EAFBD /* Sources */ = {
			isa = PBXSourcesBuildPhase;
			buildActionMask = 2147483647;
			files = (
				21DB857F22E202D0007EAFBD /* konnectTests.swift in Sources */,
			);
			runOnlyForDeploymentPostprocessing = 0;
		};
		21DB858122E202D0007EAFBD /* Sources */ = {
			isa = PBXSourcesBuildPhase;
			buildActionMask = 2147483647;
			files = (
				21DB858A22E202D0007EAFBD /* konnectUITests.swift in Sources */,
			);
			runOnlyForDeploymentPostprocessing = 0;
		};
/* End PBXSourcesBuildPhase section */

/* Begin PBXTargetDependency section */
		21DB857C22E202D0007EAFBD /* PBXTargetDependency */ = {
			isa = PBXTargetDependency;
			target = 21DB856522E202CF007EAFBD /* konnect */;
			targetProxy = 21DB857B22E202D0007EAFBD /* PBXContainerItemProxy */;
		};
		21DB858722E202D0007EAFBD /* PBXTargetDependency */ = {
			isa = PBXTargetDependency;
			target = 21DB856522E202CF007EAFBD /* konnect */;
			targetProxy = 21DB858622E202D0007EAFBD /* PBXContainerItemProxy */;
		};
/* End PBXTargetDependency section */

/* Begin PBXVariantGroup section */
		21DB856D22E202CF007EAFBD /* Main.storyboard */ = {
			isa = PBXVariantGroup;
			children = (
				21DB856E22E202CF007EAFBD /* Base */,
			);
			name = Main.storyboard;
			sourceTree = "<group>";
		};
		21DB857222E202D0007EAFBD /* LaunchScreen.storyboard */ = {
			isa = PBXVariantGroup;
			children = (
				21DB857322E202D0007EAFBD /* Base */,
			);
			name = LaunchScreen.storyboard;
			sourceTree = "<group>";
		};
/* End PBXVariantGroup section */

/* Begin XCBuildConfiguration section */
		21DB858C22E202D1007EAFBD /* Debug */ = {
			isa = XCBuildConfiguration;
			buildSettings = {
				ALWAYS_SEARCH_USER_PATHS = NO;
				CLANG_ANALYZER_NONNULL = YES;
				CLANG_ANALYZER_NUMBER_OBJECT_CONVERSION = YES_AGGRESSIVE;
				CLANG_CXX_LANGUAGE_STANDARD = "gnu++14";
				CLANG_CXX_LIBRARY = "libc++";
				CLANG_ENABLE_MODULES = YES;
				CLANG_ENABLE_OBJC_ARC = YES;
				CLANG_ENABLE_OBJC_WEAK = YES;
				CLANG_WARN_BLOCK_CAPTURE_AUTORELEASING = YES;
				CLANG_WARN_BOOL_CONVERSION = YES;
				CLANG_WARN_COMMA = YES;
				CLANG_WARN_CONSTANT_CONVERSION = YES;
				CLANG_WARN_DEPRECATED_OBJC_IMPLEMENTATIONS = YES;
				CLANG_WARN_DIRECT_OBJC_ISA_USAGE = YES_ERROR;
				CLANG_WARN_DOCUMENTATION_COMMENTS = YES;
				CLANG_WARN_EMPTY_BODY = YES;
				CLANG_WARN_ENUM_CONVERSION = YES;
				CLANG_WARN_INFINITE_RECURSION = YES;
				CLANG_WARN_INT_CONVERSION = YES;
				CLANG_WARN_NON_LITERAL_NULL_CONVERSION = YES;
				CLANG_WARN_OBJC_IMPLICIT_RETAIN_SELF = YES;
				CLANG_WARN_OBJC_LITERAL_CONVERSION = YES;
				CLANG_WARN_OBJC_ROOT_CLASS = YES_ERROR;
				CLANG_WARN_RANGE_LOOP_ANALYSIS = YES;
				CLANG_WARN_STRICT_PROTOTYPES = YES;
				CLANG_WARN_SUSPICIOUS_MOVE = YES;
				CLANG_WARN_UNGUARDED_AVAILABILITY = YES_AGGRESSIVE;
				CLANG_WARN_UNREACHABLE_CODE = YES;
				CLANG_WARN__DUPLICATE_METHOD_MATCH = YES;
				CODE_SIGN_IDENTITY = "iPhone Developer";
				COPY_PHASE_STRIP = NO;
				DEBUG_INFORMATION_FORMAT = dwarf;
				ENABLE_STRICT_OBJC_MSGSEND = YES;
				ENABLE_TESTABILITY = YES;
				GCC_C_LANGUAGE_STANDARD = gnu11;
				GCC_DYNAMIC_NO_PIC = NO;
				GCC_NO_COMMON_BLOCKS = YES;
				GCC_OPTIMIZATION_LEVEL = 0;
				GCC_PREPROCESSOR_DEFINITIONS = (
					"DEBUG=1",
					"$(inherited)",
				);
				GCC_WARN_64_TO_32_BIT_CONVERSION = YES;
				GCC_WARN_ABOUT_RETURN_TYPE = YES_ERROR;
				GCC_WARN_UNDECLARED_SELECTOR = YES;
				GCC_WARN_UNINITIALIZED_AUTOS = YES_AGGRESSIVE;
				GCC_WARN_UNUSED_FUNCTION = YES;
				GCC_WARN_UNUSED_VARIABLE = YES;
				IPHONEOS_DEPLOYMENT_TARGET = 12.2;
				MTL_ENABLE_DEBUG_INFO = INCLUDE_SOURCE;
				MTL_FAST_MATH = YES;
				ONLY_ACTIVE_ARCH = YES;
				SDKROOT = iphoneos;
				SWIFT_ACTIVE_COMPILATION_CONDITIONS = DEBUG;
				SWIFT_OPTIMIZATION_LEVEL = "-Onone";
			};
			name = Debug;
		};
		21DB858D22E202D1007EAFBD /* Release */ = {
			isa = XCBuildConfiguration;
			buildSettings = {
				ALWAYS_SEARCH_USER_PATHS = NO;
				CLANG_ANALYZER_NONNULL = YES;
				CLANG_ANALYZER_NUMBER_OBJECT_CONVERSION = YES_AGGRESSIVE;
				CLANG_CXX_LANGUAGE_STANDARD = "gnu++14";
				CLANG_CXX_LIBRARY = "libc++";
				CLANG_ENABLE_MODULES = YES;
				CLANG_ENABLE_OBJC_ARC = YES;
				CLANG_ENABLE_OBJC_WEAK = YES;
				CLANG_WARN_BLOCK_CAPTURE_AUTORELEASING = YES;
				CLANG_WARN_BOOL_CONVERSION = YES;
				CLANG_WARN_COMMA = YES;
				CLANG_WARN_CONSTANT_CONVERSION = YES;
				CLANG_WARN_DEPRECATED_OBJC_IMPLEMENTATIONS = YES;
				CLANG_WARN_DIRECT_OBJC_ISA_USAGE = YES_ERROR;
				CLANG_WARN_DOCUMENTATION_COMMENTS = YES;
				CLANG_WARN_EMPTY_BODY = YES;
				CLANG_WARN_ENUM_CONVERSION = YES;
				CLANG_WARN_INFINITE_RECURSION = YES;
				CLANG_WARN_INT_CONVERSION = YES;
				CLANG_WARN_NON_LITERAL_NULL_CONVERSION = YES;
				CLANG_WARN_OBJC_IMPLICIT_RETAIN_SELF = YES;
				CLANG_WARN_OBJC_LITERAL_CONVERSION = YES;
				CLANG_WARN_OBJC_ROOT_CLASS = YES_ERROR;
				CLANG_WARN_RANGE_LOOP_ANALYSIS = YES;
				CLANG_WARN_STRICT_PROTOTYPES = YES;
				CLANG_WARN_SUSPICIOUS_MOVE = YES;
				CLANG_WARN_UNGUARDED_AVAILABILITY = YES_AGGRESSIVE;
				CLANG_WARN_UNREACHABLE_CODE = YES;
				CLANG_WARN__DUPLICATE_METHOD_MATCH = YES;
				CODE_SIGN_IDENTITY = "iPhone Developer";
				COPY_PHASE_STRIP = NO;
				DEBUG_INFORMATION_FORMAT = "dwarf-with-dsym";
				ENABLE_NS_ASSERTIONS = NO;
				ENABLE_STRICT_OBJC_MSGSEND = YES;
				GCC_C_LANGUAGE_STANDARD = gnu11;
				GCC_NO_COMMON_BLOCKS = YES;
				GCC_WARN_64_TO_32_BIT_CONVERSION = YES;
				GCC_WARN_ABOUT_RETURN_TYPE = YES_ERROR;
				GCC_WARN_UNDECLARED_SELECTOR = YES;
				GCC_WARN_UNINITIALIZED_AUTOS = YES_AGGRESSIVE;
				GCC_WARN_UNUSED_FUNCTION = YES;
				GCC_WARN_UNUSED_VARIABLE = YES;
				IPHONEOS_DEPLOYMENT_TARGET = 12.2;
				MTL_ENABLE_DEBUG_INFO = NO;
				MTL_FAST_MATH = YES;
				SDKROOT = iphoneos;
				SWIFT_COMPILATION_MODE = wholemodule;
				SWIFT_OPTIMIZATION_LEVEL = "-O";
				VALIDATE_PRODUCT = YES;
			};
			name = Release;
		};
		21DB858F22E202D1007EAFBD /* Debug */ = {
			isa = XCBuildConfiguration;
			buildSettings = {
				ASSETCATALOG_COMPILER_APPICON_NAME = AppIcon;
				CODE_SIGN_STYLE = Manual;
				CURRENT_PROJECT_VERSION = 15;
				DEVELOPMENT_TEAM = CBGUGAG22M;
				INFOPLIST_FILE = konnect/Info.plist;
				IPHONEOS_DEPLOYMENT_TARGET = 12.0;
				LD_RUNPATH_SEARCH_PATHS = (
					"$(inherited)",
					"@executable_path/Frameworks",
				);
				PRODUCT_BUNDLE_IDENTIFIER = com.andersenev.konnect;
				PRODUCT_NAME = "$(TARGET_NAME)";
				PROVISIONING_PROFILE_SPECIFIER = "match AppStore com.andersenev.konnect";
				SWIFT_VERSION = 5.0;
				TARGETED_DEVICE_FAMILY = 1;
			};
			name = Debug;
		};
		21DB859022E202D1007EAFBD /* Release */ = {
			isa = XCBuildConfiguration;
			buildSettings = {
				ASSETCATALOG_COMPILER_APPICON_NAME = AppIcon;
				CODE_SIGN_STYLE = Manual;
				CURRENT_PROJECT_VERSION = 15;
				DEVELOPMENT_TEAM = CBGUGAG22M;
				INFOPLIST_FILE = konnect/Info.plist;
				IPHONEOS_DEPLOYMENT_TARGET = 12.0;
				LD_RUNPATH_SEARCH_PATHS = (
					"$(inherited)",
					"@executable_path/Frameworks",
				);
				PRODUCT_BUNDLE_IDENTIFIER = com.andersenev.konnect;
				PRODUCT_NAME = "$(TARGET_NAME)";
				PROVISIONING_PROFILE_SPECIFIER = "match AppStore com.andersenev.konnect";
				SWIFT_VERSION = 5.0;
				TARGETED_DEVICE_FAMILY = 1;
			};
			name = Release;
		};
		21DB859222E202D1007EAFBD /* Debug */ = {
			isa = XCBuildConfiguration;
			buildSettings = {
				ALWAYS_EMBED_SWIFT_STANDARD_LIBRARIES = YES;
				BUNDLE_LOADER = "$(TEST_HOST)";
				CODE_SIGN_STYLE = Automatic;
				INFOPLIST_FILE = konnectTests/Info.plist;
				LD_RUNPATH_SEARCH_PATHS = (
					"$(inherited)",
					"@executable_path/Frameworks",
					"@loader_path/Frameworks",
				);
				PRODUCT_BUNDLE_IDENTIFIER = com.andersenev.konnectTests;
				PRODUCT_NAME = "$(TARGET_NAME)";
				SWIFT_VERSION = 5.0;
				TARGETED_DEVICE_FAMILY = "1,2";
				TEST_HOST = "$(BUILT_PRODUCTS_DIR)/konnect.app/konnect";
			};
			name = Debug;
		};
		21DB859322E202D1007EAFBD /* Release */ = {
			isa = XCBuildConfiguration;
			buildSettings = {
				ALWAYS_EMBED_SWIFT_STANDARD_LIBRARIES = YES;
				BUNDLE_LOADER = "$(TEST_HOST)";
				CODE_SIGN_STYLE = Automatic;
				INFOPLIST_FILE = konnectTests/Info.plist;
				LD_RUNPATH_SEARCH_PATHS = (
					"$(inherited)",
					"@executable_path/Frameworks",
					"@loader_path/Frameworks",
				);
				PRODUCT_BUNDLE_IDENTIFIER = com.andersenev.konnectTests;
				PRODUCT_NAME = "$(TARGET_NAME)";
				SWIFT_VERSION = 5.0;
				TARGETED_DEVICE_FAMILY = "1,2";
				TEST_HOST = "$(BUILT_PRODUCTS_DIR)/konnect.app/konnect";
			};
			name = Release;
		};
		21DB859522E202D1007EAFBD /* Debug */ = {
			isa = XCBuildConfiguration;
			buildSettings = {
				ALWAYS_EMBED_SWIFT_STANDARD_LIBRARIES = YES;
				CODE_SIGN_STYLE = Automatic;
				INFOPLIST_FILE = konnectUITests/Info.plist;
				LD_RUNPATH_SEARCH_PATHS = (
					"$(inherited)",
					"@executable_path/Frameworks",
					"@loader_path/Frameworks",
				);
				PRODUCT_BUNDLE_IDENTIFIER = com.andersenev.konnectUITests;
				PRODUCT_NAME = "$(TARGET_NAME)";
				SWIFT_VERSION = 5.0;
				TARGETED_DEVICE_FAMILY = "1,2";
				TEST_TARGET_NAME = konnect;
			};
			name = Debug;
		};
		21DB859622E202D1007EAFBD /* Release */ = {
			isa = XCBuildConfiguration;
			buildSettings = {
				ALWAYS_EMBED_SWIFT_STANDARD_LIBRARIES = YES;
				CODE_SIGN_STYLE = Automatic;
				INFOPLIST_FILE = konnectUITests/Info.plist;
				LD_RUNPATH_SEARCH_PATHS = (
					"$(inherited)",
					"@executable_path/Frameworks",
					"@loader_path/Frameworks",
				);
				PRODUCT_BUNDLE_IDENTIFIER = com.andersenev.konnectUITests;
				PRODUCT_NAME = "$(TARGET_NAME)";
				SWIFT_VERSION = 5.0;
				TARGETED_DEVICE_FAMILY = "1,2";
				TEST_TARGET_NAME = konnect;
			};
			name = Release;
		};
/* End XCBuildConfiguration section */

/* Begin XCConfigurationList section */
		21DB856122E202CF007EAFBD /* Build configuration list for PBXProject "konnect" */ = {
			isa = XCConfigurationList;
			buildConfigurations = (
				21DB858C22E202D1007EAFBD /* Debug */,
				21DB858D22E202D1007EAFBD /* Release */,
			);
			defaultConfigurationIsVisible = 0;
			defaultConfigurationName = Release;
		};
		21DB858E22E202D1007EAFBD /* Build configuration list for PBXNativeTarget "konnect" */ = {
			isa = XCConfigurationList;
			buildConfigurations = (
				21DB858F22E202D1007EAFBD /* Debug */,
				21DB859022E202D1007EAFBD /* Release */,
			);
			defaultConfigurationIsVisible = 0;
			defaultConfigurationName = Release;
		};
		21DB859122E202D1007EAFBD /* Build configuration list for PBXNativeTarget "konnectTests" */ = {
			isa = XCConfigurationList;
			buildConfigurations = (
				21DB859222E202D1007EAFBD /* Debug */,
				21DB859322E202D1007EAFBD /* Release */,
			);
			defaultConfigurationIsVisible = 0;
			defaultConfigurationName = Release;
		};
		21DB859422E202D1007EAFBD /* Build configuration list for PBXNativeTarget "konnectUITests" */ = {
			isa = XCConfigurationList;
			buildConfigurations = (
				21DB859522E202D1007EAFBD /* Debug */,
				21DB859622E202D1007EAFBD /* Release */,
			);
			defaultConfigurationIsVisible = 0;
			defaultConfigurationName = Release;
		};
/* End XCConfigurationList section */
	};
	rootObject = 21DB855E22E202CF007EAFBD /* Project object */;
}
